
Microsoft Visual Studio Solution File, Format Version 12.00
# Visual Studio 15
VisualStudioVersion = 15.0.28307.852
MinimumVisualStudioVersion = 10.0.40219.1
Project("{9A19103F-16F7-4668-BE54-9A1E7A4F7556}") = "WebApplication1", "WebApplication1\WebApplication1.csproj", "{BC843FF6-509C-499E-B5F7-AD99553DFC96}"
EndProject
Project("{9A19103F-16F7-4668-BE54-9A1E7A4F7556}") = "WebApplication3", "WebApplication3\WebApplication3.csproj", "{747CE969-4A97-4480-AE8B-A6EAA63B9F6F}"
EndProject
Global
	GlobalSection(SolutionConfigurationPlatforms) = preSolution
		Debug|Any CPU = Debug|Any CPU
		Release|Any CPU = Release|Any CPU
	EndGlobalSection
	GlobalSection(ProjectConfigurationPlatforms) = postSolution
		{BC843FF6-509C-499E-B5F7-AD99553DFC96}.Debug|Any CPU.ActiveCfg = Debug|Any CPU
		{BC843FF6-509C-499E-B5F7-AD99553DFC96}.Debug|Any CPU.Build.0 = Debug|Any CPU
		{BC843FF6-509C-499E-B5F7-AD99553DFC96}.Release|Any CPU.ActiveCfg = Release|Any CPU
		{BC843FF6-509C-499E-B5F7-AD99553DFC96}.Release|Any CPU.Build.0 = Release|Any CPU
		{747CE969-4A97-4480-AE8B-A6EAA63B9F6F}.Debug|Any CPU.ActiveCfg = Debug|Any CPU
		{747CE969-4A97-4480-AE8B-A6EAA63B9F6F}.Debug|Any CPU.Build.0 = Debug|Any CPU
		{747CE969-4A97-4480-AE8B-A6EAA63B9F6F}.Release|Any CPU.ActiveCfg = Release|Any CPU
		{747CE969-4A97-4480-AE8B-A6EAA63B9F6F}.Release|Any CPU.Build.0 = Release|Any CPU
	EndGlobalSection
	GlobalSection(SolutionProperties) = preSolution
		HideSolutionNode = FALSE
	EndGlobalSection
	GlobalSection(ExtensibilityGlobals) = postSolution
		SolutionGuid = {36C85C74-C05A-4669-8777-AF31550D2039}
	EndGlobalSection
EndGlobal
